// !$*UTF8*$!
{
	archiveVersion = 1;
	classes = {
	};
	objectVersion = 48;
	objects = {

/* Begin PBXBuildFile section */
		414845A71F660E0200C11DBC /* AppDelegate.swift in Sources */ = {isa = PBXBuildFile; fileRef = 414845A61F660E0200C11DBC /* AppDelegate.swift */; };
		414845A91F660E0200C11DBC /* ViewController.swift in Sources */ = {isa = PBXBuildFile; fileRef = 414845A81F660E0200C11DBC /* ViewController.swift */; };
		414845AC1F660E0200C11DBC /* Main.storyboard in Resources */ = {isa = PBXBuildFile; fileRef = 414845AA1F660E0200C11DBC /* Main.storyboard */; };
		414845AF1F660E0200C11DBC /* Whack_A_Jellyfish.xcdatamodeld in Sources */ = {isa = PBXBuildFile; fileRef = 414845AD1F660E0200C11DBC /* Whack_A_Jellyfish.xcdatamodeld */; };
		414845B11F660E0200C11DBC /* Assets.xcassets in Resources */ = {isa = PBXBuildFile; fileRef = 414845B01F660E0200C11DBC /* Assets.xcassets */; };
		414845B41F660E0200C11DBC /* LaunchScreen.storyboard in Resources */ = {isa = PBXBuildFile; fileRef = 414845B21F660E0200C11DBC /* LaunchScreen.storyboard */; };
		414845BF1F660E0200C11DBC /* Whack_A_JellyfishTests.swift in Sources */ = {isa = PBXBuildFile; fileRef = 414845BE1F660E0200C11DBC /* Whack_A_JellyfishTests.swift */; };
		414845CA1F660E0200C11DBC /* Whack_A_JellyfishUITests.swift in Sources */ = {isa = PBXBuildFile; fileRef = 414845C91F660E0200C11DBC /* Whack_A_JellyfishUITests.swift */; };
/* End PBXBuildFile section */

/* Begin PBXContainerItemProxy section */
		414845BB1F660E0200C11DBC /* PBXContainerItemProxy */ = {
			isa = PBXContainerItemProxy;
			containerPortal = 4148459B1F660E0200C11DBC /* Project object */;
			proxyType = 1;
			remoteGlobalIDString = 414845A21F660E0200C11DBC;
			remoteInfo = "Whack A Jellyfish";
		};
		414845C61F660E0200C11DBC /* PBXContainerItemProxy */ = {
			isa = PBXContainerItemProxy;
			containerPortal = 4148459B1F660E0200C11DBC /* Project object */;
			proxyType = 1;
			remoteGlobalIDString = 414845A21F660E0200C11DBC;
			remoteInfo = "Whack A Jellyfish";
		};
/* End PBXContainerItemProxy section */

/* Begin PBXFileReference section */
		414845A31F660E0200C11DBC /* Whack A Jellyfish.app */ = {isa = PBXFileReference; explicitFileType = wrapper.application; includeInIndex = 0; path = "Whack A Jellyfish.app"; sourceTree = BUILT_PRODUCTS_DIR; };
		414845A61F660E0200C11DBC /* AppDelegate.swift */ = {isa = PBXFileReference; lastKnownFileType = sourcecode.swift; path = AppDelegate.swift; sourceTree = "<group>"; };
		414845A81F660E0200C11DBC /* ViewController.swift */ = {isa = PBXFileReference; lastKnownFileType = sourcecode.swift; path = ViewController.swift; sourceTree = "<group>"; };
		414845AB1F660E0200C11DBC /* Base */ = {isa = PBXFileReference; lastKnownFileType = file.storyboard; name = Base; path = Base.lproj/Main.storyboard; sourceTree = "<group>"; };
		414845AE1F660E0200C11DBC /* Whack_A_Jellyfish.xcdatamodel */ = {isa = PBXFileReference; lastKnownFileType = wrapper.xcdatamodel; path = Whack_A_Jellyfish.xcdatamodel; sourceTree = "<group>"; };
		414845B01F660E0200C11DBC /* Assets.xcassets */ = {isa = PBXFileReference; lastKnownFileType = folder.assetcatalog; path = Assets.xcassets; sourceTree = "<group>"; };
		414845B31F660E0200C11DBC /* Base */ = {isa = PBXFileReference; lastKnownFileType = file.storyboard; name = Base; path = Base.lproj/LaunchScreen.storyboard; sourceTree = "<group>"; };
		414845B51F660E0200C11DBC /* Info.plist */ = {isa = PBXFileReference; lastKnownFileType = text.plist.xml; path = Info.plist; sourceTree = "<group>"; };
		414845BA1F660E0200C11DBC /* Whack A JellyfishTests.xctest */ = {isa = PBXFileReference; explicitFileType = wrapper.cfbundle; includeInIndex = 0; path = "Whack A JellyfishTests.xctest"; sourceTree = BUILT_PRODUCTS_DIR; };
		414845BE1F660E0200C11DBC /* Whack_A_JellyfishTests.swift */ = {isa = PBXFileReference; lastKnownFileType = sourcecode.swift; path = Whack_A_JellyfishTests.swift; sourceTree = "<group>"; };
		414845C01F660E0200C11DBC /* Info.plist */ = {isa = PBXFileReference; lastKnownFileType = text.plist.xml; path = Info.plist; sourceTree = "<group>"; };
		414845C51F660E0200C11DBC /* Whack A JellyfishUITests.xctest */ = {isa = PBXFileReference; explicitFileType = wrapper.cfbundle; includeInIndex = 0; path = "Whack A JellyfishUITests.xctest"; sourceTree = BUILT_PRODUCTS_DIR; };
		414845C91F660E0200C11DBC /* Whack_A_JellyfishUITests.swift */ = {isa = PBXFileReference; lastKnownFileType = sourcecode.swift; path = Whack_A_JellyfishUITests.swift; sourceTree = "<group>"; };
		414845CB1F660E0200C11DBC /* Info.plist */ = {isa = PBXFileReference; lastKnownFileType = text.plist.xml; path = Info.plist; sourceTree = "<group>"; };
/* End PBXFileReference section */

/* Begin PBXFrameworksBuildPhase section */
		414845A01F660E0200C11DBC /* Frameworks */ = {
			isa = PBXFrameworksBuildPhase;
			buildActionMask = 2147483647;
			files = (
			);
			runOnlyForDeploymentPostprocessing = 0;
		};
		414845B71F660E0200C11DBC /* Frameworks */ = {
			isa = PBXFrameworksBuildPhase;
			buildActionMask = 2147483647;
			files = (
			);
			runOnlyForDeploymentPostprocessing = 0;
		};
		414845C21F660E0200C11DBC /* Frameworks */ = {
			isa = PBXFrameworksBuildPhase;
			buildActionMask = 2147483647;
			files = (
			);
			runOnlyForDeploymentPostprocessing = 0;
		};
/* End PBXFrameworksBuildPhase section */

/* Begin PBXGroup section */
		4148459A1F660E0200C11DBC = {
			isa = PBXGroup;
			children = (
				414845A51F660E0200C11DBC /* Whack A Jellyfish */,
				414845BD1F660E0200C11DBC /* Whack A JellyfishTests */,
				414845C81F660E0200C11DBC /* Whack A JellyfishUITests */,
				414845A41F660E0200C11DBC /* Products */,
			);
			sourceTree = "<group>";
		};
		414845A41F660E0200C11DBC /* Products */ = {
			isa = PBXGroup;
			children = (
				414845A31F660E0200C11DBC /* Whack A Jellyfish.app */,
				414845BA1F660E0200C11DBC /* Whack A JellyfishTests.xctest */,
				414845C51F660E0200C11DBC /* Whack A JellyfishUITests.xctest */,
			);
			name = Products;
			sourceTree = "<group>";
		};
		414845A51F660E0200C11DBC /* Whack A Jellyfish */ = {
			isa = PBXGroup;
			children = (
				414845A61F660E0200C11DBC /* AppDelegate.swift */,
				414845A81F660E0200C11DBC /* ViewController.swift */,
				414845AA1F660E0200C11DBC /* Main.storyboard */,
				414845B01F660E0200C11DBC /* Assets.xcassets */,
				414845B21F660E0200C11DBC /* LaunchScreen.storyboard */,
				414845B51F660E0200C11DBC /* Info.plist */,
				414845AD1F660E0200C11DBC /* Whack_A_Jellyfish.xcdatamodeld */,
			);
			path = "Whack A Jellyfish";
			sourceTree = "<group>";
		};
		414845BD1F660E0200C11DBC /* Whack A JellyfishTests */ = {
			isa = PBXGroup;
			children = (
				414845BE1F660E0200C11DBC /* Whack_A_JellyfishTests.swift */,
				414845C01F660E0200C11DBC /* Info.plist */,
			);
			path = "Whack A JellyfishTests";
			sourceTree = "<group>";
		};
		414845C81F660E0200C11DBC /* Whack A JellyfishUITests */ = {
			isa = PBXGroup;
			children = (
				414845C91F660E0200C11DBC /* Whack_A_JellyfishUITests.swift */,
				414845CB1F660E0200C11DBC /* Info.plist */,
			);
			path = "Whack A JellyfishUITests";
			sourceTree = "<group>";
		};
/* End PBXGroup section */

/* Begin PBXNativeTarget section */
		414845A21F660E0200C11DBC /* Whack A Jellyfish */ = {
			isa = PBXNativeTarget;
			buildConfigurationList = 414845CE1F660E0200C11DBC /* Build configuration list for PBXNativeTarget "Whack A Jellyfish" */;
			buildPhases = (
				4148459F1F660E0200C11DBC /* Sources */,
				414845A01F660E0200C11DBC /* Frameworks */,
				414845A11F660E0200C11DBC /* Resources */,
			);
			buildRules = (
			);
			dependencies = (
			);
			name = "Whack A Jellyfish";
			productName = "Whack A Jellyfish";
			productReference = 414845A31F660E0200C11DBC /* Whack A Jellyfish.app */;
			productType = "com.apple.product-type.application";
		};
		414845B91F660E0200C11DBC /* Whack A JellyfishTests */ = {
			isa = PBXNativeTarget;
			buildConfigurationList = 414845D11F660E0200C11DBC /* Build configuration list for PBXNativeTarget "Whack A JellyfishTests" */;
			buildPhases = (
				414845B61F660E0200C11DBC /* Sources */,
				414845B71F660E0200C11DBC /* Frameworks */,
				414845B81F660E0200C11DBC /* Resources */,
			);
			buildRules = (
			);
			dependencies = (
				414845BC1F660E0200C11DBC /* PBXTargetDependency */,
			);
			name = "Whack A JellyfishTests";
			productName = "Whack A JellyfishTests";
			productReference = 414845BA1F660E0200C11DBC /* Whack A JellyfishTests.xctest */;
			productType = "com.apple.product-type.bundle.unit-test";
		};
		414845C41F660E0200C11DBC /* Whack A JellyfishUITests */ = {
			isa = PBXNativeTarget;
			buildConfigurationList = 414845D41F660E0200C11DBC /* Build configuration list for PBXNativeTarget "Whack A JellyfishUITests" */;
			buildPhases = (
				414845C11F660E0200C11DBC /* Sources */,
				414845C21F660E0200C11DBC /* Frameworks */,
				414845C31F660E0200C11DBC /* Resources */,
			);
			buildRules = (
			);
			dependencies = (
				414845C71F660E0200C11DBC /* PBXTargetDependency */,
			);
			name = "Whack A JellyfishUITests";
			productName = "Whack A JellyfishUITests";
			productReference = 414845C51F660E0200C11DBC /* Whack A JellyfishUITests.xctest */;
			productType = "com.apple.product-type.bundle.ui-testing";
		};
/* End PBXNativeTarget section */

/* Begin PBXProject section */
		4148459B1F660E0200C11DBC /* Project object */ = {
			isa = PBXProject;
			attributes = {
				LastSwiftUpdateCheck = 0900;
				LastUpgradeCheck = 0900;
				ORGANIZATIONNAME = "Justin Russell";
				TargetAttributes = {
					414845A21F660E0200C11DBC = {
						CreatedOnToolsVersion = 9.0;
						ProvisioningStyle = Automatic;
					};
					414845B91F660E0200C11DBC = {
						CreatedOnToolsVersion = 9.0;
						ProvisioningStyle = Automatic;
						TestTargetID = 414845A21F660E0200C11DBC;
					};
					414845C41F660E0200C11DBC = {
						CreatedOnToolsVersion = 9.0;
						ProvisioningStyle = Automatic;
						TestTargetID = 414845A21F660E0200C11DBC;
					};
				};
			};
			buildConfigurationList = 4148459E1F660E0200C11DBC /* Build configuration list for PBXProject "Whack A Jellyfish" */;
			compatibilityVersion = "Xcode 8.0";
			developmentRegion = en;
			hasScannedForEncodings = 0;
			knownRegions = (
				en,
				Base,
			);
			mainGroup = 4148459A1F660E0200C11DBC;
			productRefGroup = 414845A41F660E0200C11DBC /* Products */;
			projectDirPath = "";
			projectRoot = "";
			targets = (
				414845A21F660E0200C11DBC /* Whack A Jellyfish */,
				414845B91F660E0200C11DBC /* Whack A JellyfishTests */,
				414845C41F660E0200C11DBC /* Whack A JellyfishUITests */,
			);
		};
/* End PBXProject section */

/* Begin PBXResourcesBuildPhase section */
		414845A11F660E0200C11DBC /* Resources */ = {
			isa = PBXResourcesBuildPhase;
			buildActionMask = 2147483647;
			files = (
				414845B41F660E0200C11DBC /* LaunchScreen.storyboard in Resources */,
				414845B11F660E0200C11DBC /* Assets.xcassets in Resources */,
				414845AC1F660E0200C11DBC /* Main.storyboard in Resources */,
			);
			runOnlyForDeploymentPostprocessing = 0;
		};
		414845B81F660E0200C11DBC /* Resources */ = {
			isa = PBXResourcesBuildPhase;
			buildActionMask = 2147483647;
			files = (
			);
			runOnlyForDeploymentPostprocessing = 0;
		};
		414845C31F660E0200C11DBC /* Resources */ = {
			isa = PBXResourcesBuildPhase;
			buildActionMask = 2147483647;
			files = (
			);
			runOnlyForDeploymentPostprocessing = 0;
		};
/* End PBXResourcesBuildPhase section */

/* Begin PBXSourcesBuildPhase section */
		4148459F1F660E0200C11DBC /* Sources */ = {
			isa = PBXSourcesBuildPhase;
			buildActionMask = 2147483647;
			files = (
				414845AF1F660E0200C11DBC /* Whack_A_Jellyfish.xcdatamodeld in Sources */,
				414845A91F660E0200C11DBC /* ViewController.swift in Sources */,
				414845A71F660E0200C11DBC /* AppDelegate.swift in Sources */,
			);
			runOnlyForDeploymentPostprocessing = 0;
		};
		414845B61F660E0200C11DBC /* Sources */ = {
			isa = PBXSourcesBuildPhase;
			buildActionMask = 2147483647;
			files = (
				414845BF1F660E0200C11DBC /* Whack_A_JellyfishTests.swift in Sources */,
			);
			runOnlyForDeploymentPostprocessing = 0;
		};
		414845C11F660E0200C11DBC /* Sources */ = {
			isa = PBXSourcesBuildPhase;
			buildActionMask = 2147483647;
			files = (
				414845CA1F660E0200C11DBC /* Whack_A_JellyfishUITests.swift in Sources */,
			);
			runOnlyForDeploymentPostprocessing = 0;
		};
/* End PBXSourcesBuildPhase section */

/* Begin PBXTargetDependency section */
		414845BC1F660E0200C11DBC /* PBXTargetDependency */ = {
			isa = PBXTargetDependency;
			target = 414845A21F660E0200C11DBC /* Whack A Jellyfish */;
			targetProxy = 414845BB1F660E0200C11DBC /* PBXContainerItemProxy */;
		};
		414845C71F660E0200C11DBC /* PBXTargetDependency */ = {
			isa = PBXTargetDependency;
			target = 414845A21F660E0200C11DBC /* Whack A Jellyfish */;
			targetProxy = 414845C61F660E0200C11DBC /* PBXContainerItemProxy */;
		};
/* End PBXTargetDependency section */

/* Begin PBXVariantGroup section */
		414845AA1F660E0200C11DBC /* Main.storyboard */ = {
			isa = PBXVariantGroup;
			children = (
				414845AB1F660E0200C11DBC /* Base */,
			);
			name = Main.storyboard;
			sourceTree = "<group>";
		};
		414845B21F660E0200C11DBC /* LaunchScreen.storyboard */ = {
			isa = PBXVariantGroup;
			children = (
				414845B31F660E0200C11DBC /* Base */,
			);
			name = LaunchScreen.storyboard;
			sourceTree = "<group>";
		};
/* End PBXVariantGroup section */

/* Begin XCBuildConfiguration section */
		414845CC1F660E0200C11DBC /* Debug */ = {
			isa = XCBuildConfiguration;
			buildSettings = {
				ALWAYS_SEARCH_USER_PATHS = NO;
				CLANG_ANALYZER_NONNULL = YES;
				CLANG_ANALYZER_NUMBER_OBJECT_CONVERSION = YES_AGGRESSIVE;
				CLANG_CXX_LANGUAGE_STANDARD = "gnu++14";
				CLANG_CXX_LIBRARY = "libc++";
				CLANG_ENABLE_MODULES = YES;
				CLANG_ENABLE_OBJC_ARC = YES;
				CLANG_WARN_BLOCK_CAPTURE_AUTORELEASING = YES;
				CLANG_WARN_BOOL_CONVERSION = YES;
				CLANG_WARN_COMMA = YES;
				CLANG_WARN_CONSTANT_CONVERSION = YES;
				CLANG_WARN_DIRECT_OBJC_ISA_USAGE = YES_ERROR;
				CLANG_WARN_DOCUMENTATION_COMMENTS = YES;
				CLANG_WARN_EMPTY_BODY = YES;
				CLANG_WARN_ENUM_CONVERSION = YES;
				CLANG_WARN_INFINITE_RECURSION = YES;
				CLANG_WARN_INT_CONVERSION = YES;
				CLANG_WARN_NON_LITERAL_NULL_CONVERSION = YES;
				CLANG_WARN_OBJC_LITERAL_CONVERSION = YES;
				CLANG_WARN_OBJC_ROOT_CLASS = YES_ERROR;
				CLANG_WARN_RANGE_LOOP_ANALYSIS = YES;
				CLANG_WARN_STRICT_PROTOTYPES = YES;
				CLANG_WARN_SUSPICIOUS_MOVE = YES;
				CLANG_WARN_UNGUARDED_AVAILABILITY = YES_AGGRESSIVE;
				CLANG_WARN_UNREACHABLE_CODE = YES;
				CLANG_WARN__DUPLICATE_METHOD_MATCH = YES;
				CODE_SIGN_IDENTITY = "iPhone Developer";
				COPY_PHASE_STRIP = NO;
				DEBUG_INFORMATION_FORMAT = dwarf;
				ENABLE_STRICT_OBJC_MSGSEND = YES;
				ENABLE_TESTABILITY = YES;
				GCC_C_LANGUAGE_STANDARD = gnu11;
				GCC_DYNAMIC_NO_PIC = NO;
				GCC_NO_COMMON_BLOCKS = YES;
				GCC_OPTIMIZATION_LEVEL = 0;
				GCC_PREPROCESSOR_DEFINITIONS = (
					"DEBUG=1",
					"$(inherited)",
				);
				GCC_WARN_64_TO_32_BIT_CONVERSION = YES;
				GCC_WARN_ABOUT_RETURN_TYPE = YES_ERROR;
				GCC_WARN_UNDECLARED_SELECTOR = YES;
				GCC_WARN_UNINITIALIZED_AUTOS = YES_AGGRESSIVE;
				GCC_WARN_UNUSED_FUNCTION = YES;
				GCC_WARN_UNUSED_VARIABLE = YES;
				IPHONEOS_DEPLOYMENT_TARGET = 11.0;
				MTL_ENABLE_DEBUG_INFO = YES;
				ONLY_ACTIVE_ARCH = YES;
				SDKROOT = iphoneos;
				SWIFT_ACTIVE_COMPILATION_CONDITIONS = DEBUG;
				SWIFT_OPTIMIZATION_LEVEL = "-Onone";
			};
			name = Debug;
		};
		414845CD1F660E0200C11DBC /* Release */ = {
			isa = XCBuildConfiguration;
			buildSettings = {
				ALWAYS_SEARCH_USER_PATHS = NO;
				CLANG_ANALYZER_NONNULL = YES;
				CLANG_ANALYZER_NUMBER_OBJECT_CONVERSION = YES_AGGRESSIVE;
				CLANG_CXX_LANGUAGE_STANDARD = "gnu++14";
				CLANG_CXX_LIBRARY = "libc++";
				CLANG_ENABLE_MODULES = YES;
				CLANG_ENABLE_OBJC_ARC = YES;
				CLANG_WARN_BLOCK_CAPTURE_AUTORELEASING = YES;
				CLANG_WARN_BOOL_CONVERSION = YES;
				CLANG_WARN_COMMA = YES;
				CLANG_WARN_CONSTANT_CONVERSION = YES;
				CLANG_WARN_DIRECT_OBJC_ISA_USAGE = YES_ERROR;
				CLANG_WARN_DOCUMENTATION_COMMENTS = YES;
				CLANG_WARN_EMPTY_BODY = YES;
				CLANG_WARN_ENUM_CONVERSION = YES;
				CLANG_WARN_INFINITE_RECURSION = YES;
				CLANG_WARN_INT_CONVERSION = YES;
				CLANG_WARN_NON_LITERAL_NULL_CONVERSION = YES;
				CLANG_WARN_OBJC_LITERAL_CONVERSION = YES;
				CLANG_WARN_OBJC_ROOT_CLASS = YES_ERROR;
				CLANG_WARN_RANGE_LOOP_ANALYSIS = YES;
				CLANG_WARN_STRICT_PROTOTYPES = YES;
				CLANG_WARN_SUSPICIOUS_MOVE = YES;
				CLANG_WARN_UNGUARDED_AVAILABILITY = YES_AGGRESSIVE;
				CLANG_WARN_UNREACHABLE_CODE = YES;
				CLANG_WARN__DUPLICATE_METHOD_MATCH = YES;
				CODE_SIGN_IDENTITY = "iPhone Developer";
				COPY_PHASE_STRIP = NO;
				DEBUG_INFORMATION_FORMAT = "dwarf-with-dsym";
				ENABLE_NS_ASSERTIONS = NO;
				ENABLE_STRICT_OBJC_MSGSEND = YES;
				GCC_C_LANGUAGE_STANDARD = gnu11;
				GCC_NO_COMMON_BLOCKS = YES;
				GCC_WARN_64_TO_32_BIT_CONVERSION = YES;
				GCC_WARN_ABOUT_RETURN_TYPE = YES_ERROR;
				GCC_WARN_UNDECLARED_SELECTOR = YES;
				GCC_WARN_UNINITIALIZED_AUTOS = YES_AGGRESSIVE;
				GCC_WARN_UNUSED_FUNCTION = YES;
				GCC_WARN_UNUSED_VARIABLE = YES;
				IPHONEOS_DEPLOYMENT_TARGET = 11.0;
				MTL_ENABLE_DEBUG_INFO = NO;
				SDKROOT = iphoneos;
				SWIFT_OPTIMIZATION_LEVEL = "-Owholemodule";
				VALIDATE_PRODUCT = YES;
			};
			name = Release;
		};
		414845CF1F660E0200C11DBC /* Debug */ = {
			isa = XCBuildConfiguration;
			buildSettings = {
				ASSETCATALOG_COMPILER_APPICON_NAME = AppIcon;
				CODE_SIGN_STYLE = Automatic;
				DEVELOPMENT_TEAM = 92AZ2YGHS5;
				INFOPLIST_FILE = "Whack A Jellyfish/Info.plist";
				LD_RUNPATH_SEARCH_PATHS = "$(inherited) @executable_path/Frameworks";
				PRODUCT_BUNDLE_IDENTIFIER = "com.justinjrussell.Whack-A-Jellyfish";
				PRODUCT_NAME = "$(TARGET_NAME)";
				SWIFT_VERSION = 4.0;
				TARGETED_DEVICE_FAMILY = "1,2";
			};
			name = Debug;
		};
		414845D01F660E0200C11DBC /* Release */ = {
			isa = XCBuildConfiguration;
			buildSettings = {
				ASSETCATALOG_COMPILER_APPICON_NAME = AppIcon;
				CODE_SIGN_STYLE = Automatic;
				DEVELOPMENT_TEAM = 92AZ2YGHS5;
				INFOPLIST_FILE = "Whack A Jellyfish/Info.plist";
				LD_RUNPATH_SEARCH_PATHS = "$(inherited) @executable_path/Frameworks";
				PRODUCT_BUNDLE_IDENTIFIER = "com.justinjrussell.Whack-A-Jellyfish";
				PRODUCT_NAME = "$(TARGET_NAME)";
				SWIFT_VERSION = 4.0;
				TARGETED_DEVICE_FAMILY = "1,2";
			};
			name = Release;
		};
		414845D21F660E0200C11DBC /* Debug */ = {
			isa = XCBuildConfiguration;
			buildSettings = {
				ALWAYS_EMBED_SWIFT_STANDARD_LIBRARIES = YES;
				BUNDLE_LOADER = "$(TEST_HOST)";
				CODE_SIGN_STYLE = Automatic;
				DEVELOPMENT_TEAM = 92AZ2YGHS5;
				INFOPLIST_FILE = "Whack A JellyfishTests/Info.plist";
				LD_RUNPATH_SEARCH_PATHS = "$(inherited) @executable_path/Frameworks @loader_path/Frameworks";
				PRODUCT_BUNDLE_IDENTIFIER = "com.justinjrussell.Whack-A-JellyfishTests";
				PRODUCT_NAME = "$(TARGET_NAME)";
				SWIFT_VERSION = 4.0;
				TARGETED_DEVICE_FAMILY = "1,2";
				TEST_HOST = "$(BUILT_PRODUCTS_DIR)/Whack A Jellyfish.app/Whack A Jellyfish";
			};
			name = Debug;
		};
		414845D31F660E0200C11DBC /* Release */ = {
			isa = XCBuildConfiguration;
			buildSettings = {
				ALWAYS_EMBED_SWIFT_STANDARD_LIBRARIES = YES;
				BUNDLE_LOADER = "$(TEST_HOST)";
				CODE_SIGN_STYLE = Automatic;
				DEVELOPMENT_TEAM = 92AZ2YGHS5;
				INFOPLIST_FILE = "Whack A JellyfishTests/Info.plist";
				LD_RUNPATH_SEARCH_PATHS = "$(inherited) @executable_path/Frameworks @loader_path/Frameworks";
				PRODUCT_BUNDLE_IDENTIFIER = "com.justinjrussell.Whack-A-JellyfishTests";
				PRODUCT_NAME = "$(TARGET_NAME)";
				SWIFT_VERSION = 4.0;
				TARGETED_DEVICE_FAMILY = "1,2";
				TEST_HOST = "$(BUILT_PRODUCTS_DIR)/Whack A Jellyfish.app/Whack A Jellyfish";
			};
			name = Release;
		};
		414845D51F660E0200C11DBC /* Debug */ = {
			isa = XCBuildConfiguration;
			buildSettings = {
				ALWAYS_EMBED_SWIFT_STANDARD_LIBRARIES = YES;
				CODE_SIGN_STYLE = Automatic;
				DEVELOPMENT_TEAM = 92AZ2YGHS5;
				INFOPLIST_FILE = "Whack A JellyfishUITests/Info.plist";
				LD_RUNPATH_SEARCH_PATHS = "$(inherited) @executable_path/Frameworks @loader_path/Frameworks";
				PRODUCT_BUNDLE_IDENTIFIER = "com.justinjrussell.Whack-A-JellyfishUITests";
				PRODUCT_NAME = "$(TARGET_NAME)";
				SWIFT_VERSION = 4.0;
				TARGETED_DEVICE_FAMILY = "1,2";
				TEST_TARGET_NAME = "Whack A Jellyfish";
			};
			name = Debug;
		};
		414845D61F660E0200C11DBC /* Release */ = {
			isa = XCBuildConfiguration;
			buildSettings = {
				ALWAYS_EMBED_SWIFT_STANDARD_LIBRARIES = YES;
				CODE_SIGN_STYLE = Automatic;
				DEVELOPMENT_TEAM = 92AZ2YGHS5;
				INFOPLIST_FILE = "Whack A JellyfishUITests/Info.plist";
				LD_RUNPATH_SEARCH_PATHS = "$(inherited) @executable_path/Frameworks @loader_path/Frameworks";
				PRODUCT_BUNDLE_IDENTIFIER = "com.justinjrussell.Whack-A-JellyfishUITests";
				PRODUCT_NAME = "$(TARGET_NAME)";
				SWIFT_VERSION = 4.0;
				TARGETED_DEVICE_FAMILY = "1,2";
				TEST_TARGET_NAME = "Whack A Jellyfish";
			};
			name = Release;
		};
/* End XCBuildConfiguration section */

/* Begin XCConfigurationList section */
		4148459E1F660E0200C11DBC /* Build configuration list for PBXProject "Whack A Jellyfish" */ = {
			isa = XCConfigurationList;
			buildConfigurations = (
				414845CC1F660E0200C11DBC /* Debug */,
				414845CD1F660E0200C11DBC /* Release */,
			);
			defaultConfigurationIsVisible = 0;
			defaultConfigurationName = Release;
		};
		414845CE1F660E0200C11DBC /* Build configuration list for PBXNativeTarget "Whack A Jellyfish" */ = {
			isa = XCConfigurationList;
			buildConfigurations = (
				414845CF1F660E0200C11DBC /* Debug */,
				414845D01F660E0200C11DBC /* Release */,
			);
			defaultConfigurationIsVisible = 0;
			defaultConfigurationName = Release;
		};
		414845D11F660E0200C11DBC /* Build configuration list for PBXNativeTarget "Whack A JellyfishTests" */ = {
			isa = XCConfigurationList;
			buildConfigurations = (
				414845D21F660E0200C11DBC /* Debug */,
				414845D31F660E0200C11DBC /* Release */,
			);
			defaultConfigurationIsVisible = 0;
			defaultConfigurationName = Release;
		};
		414845D41F660E0200C11DBC /* Build configuration list for PBXNativeTarget "Whack A JellyfishUITests" */ = {
			isa = XCConfigurationList;
			buildConfigurations = (
				414845D51F660E0200C11DBC /* Debug */,
				414845D61F660E0200C11DBC /* Release */,
			);
			defaultConfigurationIsVisible = 0;
			defaultConfigurationName = Release;
		};
/* End XCConfigurationList section */

/* Begin XCVersionGroup section */
		414845AD1F660E0200C11DBC /* Whack_A_Jellyfish.xcdatamodeld */ = {
			isa = XCVersionGroup;
			children = (
				414845AE1F660E0200C11DBC /* Whack_A_Jellyfish.xcdatamodel */,
			);
			currentVersion = 414845AE1F660E0200C11DBC /* Whack_A_Jellyfish.xcdatamodel */;
			path = Whack_A_Jellyfish.xcdatamodeld;
			sourceTree = "<group>";
			versionGroupType = wrapper.xcdatamodel;
		};
/* End XCVersionGroup section */
	};
	rootObject = 4148459B1F660E0200C11DBC /* Project object */;
}
